{
  "name": "@ferreiro/client",
  "version": "0.0.1",
  "lockfileVersion": 1,
  "requires": true,
  "dependencies": {
    "big.js": {
      "version": "3.2.0",
      "resolved": "https://registry.npmjs.org/big.js/-/big.js-3.2.0.tgz",
      "integrity": "sha512-+hN/Zh2D08Mx65pZ/4g5bsmNiZUuChDiQfTUQ7qJr4/kuopCr88xZsAXv6mBoZEsUI4OuGHlX59qE94K2mMW8Q==",
      "dev": true
    },
    "emojis-list": {
      "version": "2.1.0",
      "resolved": "https://registry.npmjs.org/emojis-list/-/emojis-list-2.1.0.tgz",
      "integrity": "sha1-TapNnbAPmBmIDHn6RXrlsJof04k=",
      "dev": true
    },
    "httpplease": {
      "version": "0.16.4",
      "resolved": "https://registry.npmjs.org/httpplease/-/httpplease-0.16.4.tgz",
      "integrity": "sha1-04Lr4jDvUHkIC06f/r8xap51wNo=",
      "dev": true,
      "requires": {
        "urllite": "~0.5.0",
        "xmlhttprequest": "*",
        "xtend": "~3.0.0"
      }
    },
    "json5": {
      "version": "0.5.1",
      "resolved": "https://registry.npmjs.org/json5/-/json5-0.5.1.tgz",
      "integrity": "sha1-Hq3nrMASA0rYTiOWdn6tn6VJWCE=",
      "dev": true
    },
    "loader-utils": {
      "version": "0.2.17",
      "resolved": "https://registry.npmjs.org/loader-utils/-/loader-utils-0.2.17.tgz",
      "integrity": "sha1-+G5jdNQyBabmxg6RlvF8Apm/s0g=",
      "dev": true,
      "requires": {
        "big.js": "^3.1.3",
        "emojis-list": "^2.0.0",
        "json5": "^0.5.0",
        "object-assign": "^4.0.1"
      }
    },
    "object-assign": {
      "version": "4.1.1",
      "resolved": "https://registry.npmjs.org/object-assign/-/object-assign-4.1.1.tgz",
      "integrity": "sha1-IQmtx5ZYh8/AXLvUQsrIv7s2CGM=",
      "dev": true
    },
    "once": {
      "version": "1.4.0",
      "resolved": "https://registry.npmjs.org/once/-/once-1.4.0.tgz",
      "integrity": "sha1-WDsap3WWHUsROsF9nFC6753Xa9E=",
      "dev": true,
      "requires": {
        "wrappy": "1"
      }
    },
    "react-inlinesvg": {
      "version": "0.8.4",
      "resolved": "https://registry.npmjs.org/react-inlinesvg/-/react-inlinesvg-0.8.4.tgz",
      "integrity": "sha512-pMkYa09gsP+5mA5uYDon5TxJbu76rJqdPSQ9nTRZbVacH58Eo3tFxD0Z382cioxNrpeqWHI/hquzt00GaahnkA==",
      "dev": true,
      "requires": {
        "httpplease": "^0.16.4",
        "once": "^1.4.0"
      }
    },
    "simple-html-tokenizer": {
      "version": "0.1.1",
      "resolved": "https://registry.npmjs.org/simple-html-tokenizer/-/simple-html-tokenizer-0.1.1.tgz",
      "integrity": "sha1-BcLuxXn//+FFoDCsJs/qYbmA+r4=",
      "dev": true
    },
    "svg-inline-loader": {
      "version": "0.8.0",
      "resolved": "https://registry.npmjs.org/svg-inline-loader/-/svg-inline-loader-0.8.0.tgz",
      "integrity": "sha512-rynplY2eXFrdNomL1FvyTFQlP+dx0WqbzHglmNtA9M4IHRC3no2aPAl3ny9lUpJzFzFMZfWRK5YIclNU+FRePA==",
      "dev": true,
      "requires": {
        "loader-utils": "^0.2.11",
        "object-assign": "^4.0.1",
        "simple-html-tokenizer": "^0.1.1"
      }
    },
    "urllite": {
      "version": "0.5.0",
      "resolved": "https://registry.npmjs.org/urllite/-/urllite-0.5.0.tgz",
      "integrity": "sha1-G3u5yj+w25Ug3hE0ZrvPfMNBRRo=",
      "dev": true,
      "requires": {
        "xtend": "~4.0.0"
      },
      "dependencies": {
        "xtend": {
          "version": "4.0.1",
          "resolved": "https://registry.npmjs.org/xtend/-/xtend-4.0.1.tgz",
          "integrity": "sha1-pcbVMr5lbiPbgg77lDofBJmNY68=",
          "dev": true
        }
      }
    },
    "wrappy": {
      "version": "1.0.2",
      "resolved": "https://registry.npmjs.org/wrappy/-/wrappy-1.0.2.tgz",
      "integrity": "sha1-tSQ9jz7BqjXxNkYFvA0QNuMKtp8=",
      "dev": true
    },
    "xmlhttprequest": {
      "version": "1.8.0",
      "resolved": "https://registry.npmjs.org/xmlhttprequest/-/xmlhttprequest-1.8.0.tgz",
      "integrity": "sha1-Z/4HXFwk/vOfnWX197f+dRcZaPw=",
      "dev": true
    },
    "xtend": {
      "version": "3.0.0",
      "resolved": "https://registry.npmjs.org/xtend/-/xtend-3.0.0.tgz",
      "integrity": "sha1-XM50B7r2Qsunvs2laBEcST9ZZlo=",
      "dev": true
    }
  }
}
